
Microsoft Visual Studio Solution File, Format Version 12.00
Project("{FAE04EC0-301F-11D3-BF4B-00C04F79EFBC}") = "APISteam", "APISteam\APISteam.csproj", "{BAEC9199-F234-4C60-B80D-838E3D36F8CB}"
EndProject
Global
	GlobalSection(SolutionConfigurationPlatforms) = preSolution
		Debug|Any CPU = Debug|Any CPU
		Release|Any CPU = Release|Any CPU
	EndGlobalSection
	GlobalSection(ProjectConfigurationPlatforms) = postSolution
		{BAEC9199-F234-4C60-B80D-838E3D36F8CB}.Debug|Any CPU.ActiveCfg = Debug|Any CPU
		{BAEC9199-F234-4C60-B80D-838E3D36F8CB}.Debug|Any CPU.Build.0 = Debug|Any CPU
		{BAEC9199-F234-4C60-B80D-838E3D36F8CB}.Release|Any CPU.ActiveCfg = Release|Any CPU
		{BAEC9199-F234-4C60-B80D-838E3D36F8CB}.Release|Any CPU.Build.0 = Release|Any CPU
	EndGlobalSection
EndGlobal
